// !$*UTF8*$!
{
	archiveVersion = 1;
	classes = {
	};
	objectVersion = 56;
	objects = {

/* Begin PBXBuildFile section */
		E90100000000000000000001 /* GinRummyApp.swift in Sources */ = {isa = PBXBuildFile; fileRef = E80100000000000000000001 /* GinRummyApp.swift */; };
		E90100000000000000000002 /* RootView.swift in Sources */ = {isa = PBXBuildFile; fileRef = E80100000000000000000002 /* RootView.swift */; };
		E90100000000000000000003 /* AppModel.swift in Sources */ = {isa = PBXBuildFile; fileRef = E80100000000000000000003 /* AppModel.swift */; };
		E90100000000000000000004 /* AuthView.swift in Sources */ = {isa = PBXBuildFile; fileRef = E80100000000000000000004 /* AuthView.swift */; };
		E90100000000000000000005 /* APIClient.swift in Sources */ = {isa = PBXBuildFile; fileRef = E80100000000000000000005 /* APIClient.swift */; };
		E90100000000000000000006 /* AppConfig.swift in Sources */ = {isa = PBXBuildFile; fileRef = E80100000000000000000006 /* AppConfig.swift */; };
		E90100000000000000000007 /* Models.swift in Sources */ = {isa = PBXBuildFile; fileRef = E80100000000000000000007 /* Models.swift */; };
		E90100000000000000000008 /* LobbyView.swift in Sources */ = {isa = PBXBuildFile; fileRef = E80100000000000000000008 /* LobbyView.swift */; };
		E90100000000000000000009 /* GameView.swift in Sources */ = {isa = PBXBuildFile; fileRef = E80100000000000000000009 /* GameView.swift */; };
		E9010000000000000000000A /* Assets.xcassets in Resources */ = {isa = PBXBuildFile; fileRef = E8010000000000000000000A /* Assets.xcassets */; };
		E9010000000000000000000B /* PlayerFeedback.swift in Sources */ = {isa = PBXBuildFile; fileRef = E8010000000000000000000D /* PlayerFeedback.swift */; };
		E9010000000000000000000C /* CardViews.swift in Sources */ = {isa = PBXBuildFile; fileRef = E8010000000000000000000E /* CardViews.swift */; };
		E9010000000000000000000D /* GinRummyTableTheme.swift in Sources */ = {isa = PBXBuildFile; fileRef = E8010000000000000000000F /* GinRummyTableTheme.swift */; };
		E90100000000000000000010 /* PostCutCardsStrip.swift in Sources */ = {isa = PBXBuildFile; fileRef = E80100000000000000000010 /* PostCutCardsStrip.swift */; };
		E90100000000000000000011 /* InviteAcceptView.swift in Sources */ = {isa = PBXBuildFile; fileRef = E80100000000000000000011 /* InviteAcceptView.swift */; };
		E90100000000000000000012 /* GameChatSheet.swift in Sources */ = {isa = PBXBuildFile; fileRef = E80100000000000000000012 /* GameChatSheet.swift */; };
		E90100000000000000000013 /* GinRummyTheme.swift in Sources */ = {isa = PBXBuildFile; fileRef = E80100000000000000000013 /* GinRummyTheme.swift */; };
		E90100000000000000000014 /* LobbyFlows.swift in Sources */ = {isa = PBXBuildFile; fileRef = E80100000000000000000014 /* LobbyFlows.swift */; };
		E90100000000000000000015 /* KeychainStore.swift in Sources */ = {isa = PBXBuildFile; fileRef = E80100000000000000000015 /* KeychainStore.swift */; };
		E90100000000000000000016 /* HandEndViews.swift in Sources */ = {isa = PBXBuildFile; fileRef = E80100000000000000000016 /* HandEndViews.swift */; };
		EA0100000000000000000001 /* LobbyToGameTransitionTests.swift in Sources */ = {isa = PBXBuildFile; fileRef = EA0200000000000000000001 /* LobbyToGameTransitionTests.swift */; };
		EA0100000000000000000002 /* InviteLinkRoundTripTests.swift in Sources */ = {isa = PBXBuildFile; fileRef = EA0200000000000000000002 /* InviteLinkRoundTripTests.swift */; };
/* End PBXBuildFile section */

/* Begin PBXContainerItemProxy section */
		EA0900000000000000000001 /* PBXContainerItemProxy */ = {
			isa = PBXContainerItemProxy;
			containerPortal = E70600000000000000000001 /* Project object */;
			proxyType = 1;
			remoteGlobalIDString = E70400000000000000000001;
			remoteInfo = GinRummyApp;
		};
/* End PBXContainerItemProxy section */

/* Begin PBXFileReference section */
		E80000000000000000000001 /* GinRummyApp.app */ = {isa = PBXFileReference; explicitFileType = wrapper.application; includeInIndex = 0; path = GinRummyApp.app; sourceTree = BUILT_PRODUCTS_DIR; };
		E80100000000000000000001 /* GinRummyApp.swift */ = {isa = PBXFileReference; lastKnownFileType = sourcecode.swift; path = GinRummyApp.swift; sourceTree = "<group>"; };
		E80100000000000000000002 /* RootView.swift */ = {isa = PBXFileReference; lastKnownFileType = sourcecode.swift; path = RootView.swift; sourceTree = "<group>"; };
		E80100000000000000000003 /* AppModel.swift */ = {isa = PBXFileReference; lastKnownFileType = sourcecode.swift; path = AppModel.swift; sourceTree = "<group>"; };
		E80100000000000000000004 /* AuthView.swift */ = {isa = PBXFileReference; lastKnownFileType = sourcecode.swift; path = AuthView.swift; sourceTree = "<group>"; };
		E80100000000000000000005 /* APIClient.swift */ = {isa = PBXFileReference; lastKnownFileType = sourcecode.swift; path = APIClient.swift; sourceTree = "<group>"; };
		E80100000000000000000006 /* AppConfig.swift */ = {isa = PBXFileReference; lastKnownFileType = sourcecode.swift; path = AppConfig.swift; sourceTree = "<group>"; };
		E80100000000000000000007 /* Models.swift */ = {isa = PBXFileReference; lastKnownFileType = sourcecode.swift; path = Models.swift; sourceTree = "<group>"; };
		E80100000000000000000008 /* LobbyView.swift */ = {isa = PBXFileReference; lastKnownFileType = sourcecode.swift; path = LobbyView.swift; sourceTree = "<group>"; };
		E80100000000000000000009 /* GameView.swift */ = {isa = PBXFileReference; lastKnownFileType = sourcecode.swift; path = GameView.swift; sourceTree = "<group>"; };
		E8010000000000000000000A /* Assets.xcassets */ = {isa = PBXFileReference; lastKnownFileType = folder.assetcatalog; path = Assets.xcassets; sourceTree = "<group>"; };
		E8010000000000000000000B /* Info.plist */ = {isa = PBXFileReference; lastKnownFileType = text.plist.xml; path = Info.plist; sourceTree = "<group>"; };
		E8010000000000000000000C /* GinRummyApp.entitlements */ = {isa = PBXFileReference; lastKnownFileType = text.plist.entitlements; path = GinRummyApp.entitlements; sourceTree = "<group>"; };
		E8010000000000000000000D /* PlayerFeedback.swift */ = {isa = PBXFileReference; lastKnownFileType = sourcecode.swift; path = PlayerFeedback.swift; sourceTree = "<group>"; };
		E8010000000000000000000E /* CardViews.swift */ = {isa = PBXFileReference; lastKnownFileType = sourcecode.swift; path = CardViews.swift; sourceTree = "<group>"; };
		E8010000000000000000000F /* GinRummyTableTheme.swift */ = {isa = PBXFileReference; lastKnownFileType = sourcecode.swift; path = GinRummyTableTheme.swift; sourceTree = "<group>"; };
		E80100000000000000000010 /* PostCutCardsStrip.swift */ = {isa = PBXFileReference; lastKnownFileType = sourcecode.swift; path = PostCutCardsStrip.swift; sourceTree = "<group>"; };
		E80100000000000000000011 /* InviteAcceptView.swift */ = {isa = PBXFileReference; lastKnownFileType = sourcecode.swift; path = InviteAcceptView.swift; sourceTree = "<group>"; };
		E80100000000000000000012 /* GameChatSheet.swift */ = {isa = PBXFileReference; lastKnownFileType = sourcecode.swift; path = GameChatSheet.swift; sourceTree = "<group>"; };
		E80100000000000000000013 /* GinRummyTheme.swift */ = {isa = PBXFileReference; lastKnownFileType = sourcecode.swift; path = GinRummyTheme.swift; sourceTree = "<group>"; };
		E80100000000000000000014 /* LobbyFlows.swift */ = {isa = PBXFileReference; lastKnownFileType = sourcecode.swift; path = LobbyFlows.swift; sourceTree = "<group>"; };
		E80100000000000000000015 /* KeychainStore.swift */ = {isa = PBXFileReference; lastKnownFileType = sourcecode.swift; path = KeychainStore.swift; sourceTree = "<group>"; };
		E80100000000000000000016 /* HandEndViews.swift */ = {isa = PBXFileReference; lastKnownFileType = sourcecode.swift; path = HandEndViews.swift; sourceTree = "<group>"; };
		EA0000000000000000000001 /* GinRummyAppTests.xctest */ = {isa = PBXFileReference; explicitFileType = wrapper.cfbundle; includeInIndex = 0; path = GinRummyAppTests.xctest; sourceTree = BUILT_PRODUCTS_DIR; };
		EA0200000000000000000001 /* LobbyToGameTransitionTests.swift */ = {isa = PBXFileReference; lastKnownFileType = sourcecode.swift; path = LobbyToGameTransitionTests.swift; sourceTree = "<group>"; };
		EA0200000000000000000002 /* InviteLinkRoundTripTests.swift */ = {isa = PBXFileReference; lastKnownFileType = sourcecode.swift; path = InviteLinkRoundTripTests.swift; sourceTree = "<group>"; };
/* End PBXFileReference section */

/* Begin PBXFrameworksBuildPhase section */
		E70200000000000000000001 /* Frameworks */ = {
			isa = PBXFrameworksBuildPhase;
			buildActionMask = 2147483647;
			files = (
			);
			runOnlyForDeploymentPostprocessing = 0;
		};
		EA0400000000000000000001 /* Frameworks */ = {
			isa = PBXFrameworksBuildPhase;
			buildActionMask = 2147483647;
			files = (
			);
			runOnlyForDeploymentPostprocessing = 0;
		};
/* End PBXFrameworksBuildPhase section */

/* Begin PBXGroup section */
		E70300000000000000000001 = {
			isa = PBXGroup;
			children = (
				E70300000000000000000002 /* GinRummyApp */,
				EA0300000000000000000001 /* GinRummyAppTests */,
				E70300000000000000000003 /* Products */,
			);
			sourceTree = "<group>";
		};
		EA0300000000000000000001 /* GinRummyAppTests */ = {
			isa = PBXGroup;
			children = (
				EA0200000000000000000001 /* LobbyToGameTransitionTests.swift */,
				EA0200000000000000000002 /* InviteLinkRoundTripTests.swift */,
			);
			path = GinRummyAppTests;
			sourceTree = "<group>";
		};
		E70300000000000000000002 /* GinRummyApp */ = {
			isa = PBXGroup;
			children = (
				E80100000000000000000001 /* GinRummyApp.swift */,
				E80100000000000000000002 /* RootView.swift */,
				E80100000000000000000003 /* AppModel.swift */,
				E80100000000000000000015 /* KeychainStore.swift */,
				E80100000000000000000004 /* AuthView.swift */,
				E80100000000000000000005 /* APIClient.swift */,
				E80100000000000000000006 /* AppConfig.swift */,
				E80100000000000000000007 /* Models.swift */,
				E80100000000000000000008 /* LobbyView.swift */,
				E80100000000000000000011 /* InviteAcceptView.swift */,
				E80100000000000000000009 /* GameView.swift */,
				E80100000000000000000012 /* GameChatSheet.swift */,
				E80100000000000000000010 /* PostCutCardsStrip.swift */,
				E80100000000000000000016 /* HandEndViews.swift */,
				E8010000000000000000000D /* PlayerFeedback.swift */,
				E8010000000000000000000E /* CardViews.swift */,
				E8010000000000000000000F /* GinRummyTableTheme.swift */,
				E80100000000000000000013 /* GinRummyTheme.swift */,
				E80100000000000000000014 /* LobbyFlows.swift */,
				E8010000000000000000000A /* Assets.xcassets */,
				E8010000000000000000000B /* Info.plist */,
				E8010000000000000000000C /* GinRummyApp.entitlements */,
			);
			path = GinRummyApp;
			sourceTree = "<group>";
		};
		E70300000000000000000003 /* Products */ = {
			isa = PBXGroup;
			children = (
				E80000000000000000000001 /* GinRummyApp.app */,
				EA0000000000000000000001 /* GinRummyAppTests.xctest */,
			);
			name = Products;
			sourceTree = "<group>";
		};
/* End PBXGroup section */

/* Begin PBXNativeTarget section */
		E70400000000000000000001 /* GinRummyApp */ = {
			isa = PBXNativeTarget;
			buildConfigurationList = E70700000000000000000002 /* Build configuration list for PBXNativeTarget "GinRummyApp" */;
			buildPhases = (
				E70100000000000000000001 /* Sources */,
				E70200000000000000000001 /* Frameworks */,
				E70500000000000000000001 /* Resources */,
			);
			buildRules = (
			);
			dependencies = (
			);
			name = GinRummyApp;
			productName = GinRummyApp;
			productReference = E80000000000000000000001 /* GinRummyApp.app */;
			productType = "com.apple.product-type.application";
		};
		EA0600000000000000000001 /* GinRummyAppTests */ = {
			isa = PBXNativeTarget;
			buildConfigurationList = EA0700000000000000000001 /* Build configuration list for PBXNativeTarget "GinRummyAppTests" */;
			buildPhases = (
				EA0500000000000000000001 /* Sources */,
				EA0400000000000000000001 /* Frameworks */,
			);
			buildRules = (
			);
			dependencies = (
				EA0800000000000000000001 /* PBXTargetDependency */,
			);
			name = GinRummyAppTests;
			productName = GinRummyAppTests;
			productReference = EA0000000000000000000001 /* GinRummyAppTests.xctest */;
			productType = "com.apple.product-type.bundle.unit-test";
		};
/* End PBXNativeTarget section */

/* Begin PBXProject section */
		E70600000000000000000001 /* Project object */ = {
			isa = PBXProject;
			attributes = {
				BuildIndependentTargetsInParallel = 1;
				LastSwiftUpdateCheck = 1500;
				LastUpgradeCheck = 1500;
				TargetAttributes = {
					E70400000000000000000001 = {
						CreatedOnToolsVersion = 15.0;
					};
					EA0600000000000000000001 = {
						CreatedOnToolsVersion = 15.0;
						TestTargetID = E70400000000000000000001;
					};
				};
			};
			buildConfigurationList = E70700000000000000000001 /* Build configuration list for PBXProject "GinRummyApp" */;
			compatibilityVersion = "Xcode 14.0";
			developmentRegion = en;
			hasScannedForEncodings = 0;
			knownRegions = (
				en,
				Base,
			);
			mainGroup = E70300000000000000000001;
			productRefGroup = E70300000000000000000003 /* Products */;
			projectDirPath = "";
			projectRoot = "";
			targets = (
				E70400000000000000000001 /* GinRummyApp */,
				EA0600000000000000000001 /* GinRummyAppTests */,
			);
		};
/* End PBXProject section */

/* Begin PBXResourcesBuildPhase section */
		E70500000000000000000001 /* Resources */ = {
			isa = PBXResourcesBuildPhase;
			buildActionMask = 2147483647;
			files = (
				E9010000000000000000000A /* Assets.xcassets in Resources */,
			);
			runOnlyForDeploymentPostprocessing = 0;
		};
/* End PBXResourcesBuildPhase section */

/* Begin PBXSourcesBuildPhase section */
		E70100000000000000000001 /* Sources */ = {
			isa = PBXSourcesBuildPhase;
			buildActionMask = 2147483647;
			files = (
				E90100000000000000000001 /* GinRummyApp.swift in Sources */,
				E90100000000000000000002 /* RootView.swift in Sources */,
				E90100000000000000000003 /* AppModel.swift in Sources */,
				E90100000000000000000015 /* KeychainStore.swift in Sources */,
				E90100000000000000000004 /* AuthView.swift in Sources */,
				E90100000000000000000005 /* APIClient.swift in Sources */,
				E90100000000000000000006 /* AppConfig.swift in Sources */,
				E90100000000000000000007 /* Models.swift in Sources */,
				E90100000000000000000008 /* LobbyView.swift in Sources */,
				E90100000000000000000011 /* InviteAcceptView.swift in Sources */,
				E90100000000000000000009 /* GameView.swift in Sources */,
				E90100000000000000000012 /* GameChatSheet.swift in Sources */,
				E90100000000000000000010 /* PostCutCardsStrip.swift in Sources */,
				E90100000000000000000016 /* HandEndViews.swift in Sources */,
				E9010000000000000000000B /* PlayerFeedback.swift in Sources */,
				E9010000000000000000000C /* CardViews.swift in Sources */,
				E9010000000000000000000D /* GinRummyTableTheme.swift in Sources */,
				E90100000000000000000013 /* GinRummyTheme.swift in Sources */,
				E90100000000000000000014 /* LobbyFlows.swift in Sources */,
			);
			runOnlyForDeploymentPostprocessing = 0;
		};
		EA0500000000000000000001 /* Sources */ = {
			isa = PBXSourcesBuildPhase;
			buildActionMask = 2147483647;
			files = (
				EA0100000000000000000001 /* LobbyToGameTransitionTests.swift in Sources */,
				EA0100000000000000000002 /* InviteLinkRoundTripTests.swift in Sources */,
			);
			runOnlyForDeploymentPostprocessing = 0;
		};
/* End PBXSourcesBuildPhase section */

/* Begin PBXTargetDependency section */
		EA0800000000000000000001 /* PBXTargetDependency */ = {
			isa = PBXTargetDependency;
			target = E70400000000000000000001 /* GinRummyApp */;
			targetProxy = EA0900000000000000000001 /* PBXContainerItemProxy */;
		};
/* End PBXTargetDependency section */

/* Begin XCBuildConfiguration section */
		E70800000000000000000001 /* Debug */ = {
			isa = XCBuildConfiguration;
			buildSettings = {
				ALWAYS_SEARCH_USER_PATHS = NO;
				CLANG_ENABLE_MODULES = YES;
				CLANG_ENABLE_OBJC_ARC = YES;
				COPY_PHASE_STRIP = NO;
				DEBUG_INFORMATION_FORMAT = dwarf;
				ENABLE_STRICT_OBJC_MSGSEND = YES;
				ENABLE_TESTABILITY = YES;
				GCC_DYNAMIC_NO_PIC = NO;
				GCC_OPTIMIZATION_LEVEL = 0;
				IPHONEOS_DEPLOYMENT_TARGET = 17.0;
				MTL_ENABLE_DEBUG_INFO = INCLUDE_SOURCE;
				ONLY_ACTIVE_ARCH = YES;
				SDKROOT = iphoneos;
				SWIFT_ACTIVE_COMPILATION_CONDITIONS = DEBUG;
				SWIFT_OPTIMIZATION_LEVEL = "-Onone";
			};
			name = Debug;
		};
		E70800000000000000000002 /* Release */ = {
			isa = XCBuildConfiguration;
			buildSettings = {
				ALWAYS_SEARCH_USER_PATHS = NO;
				CLANG_ENABLE_MODULES = YES;
				CLANG_ENABLE_OBJC_ARC = YES;
				COPY_PHASE_STRIP = NO;
				DEBUG_INFORMATION_FORMAT = "dwarf-with-dsym";
				ENABLE_NS_ASSERTIONS = NO;
				ENABLE_STRICT_OBJC_MSGSEND = YES;
				IPHONEOS_DEPLOYMENT_TARGET = 17.0;
				MTL_ENABLE_DEBUG_INFO = NO;
				SDKROOT = iphoneos;
				SWIFT_COMPILATION_MODE = wholemodule;
				VALIDATE_PRODUCT = YES;
			};
			name = Release;
		};
		E70800000000000000000003 /* Debug */ = {
			isa = XCBuildConfiguration;
			buildSettings = {
				ASSETCATALOG_COMPILER_APPICON_NAME = AppIcon;
				CODE_SIGN_ENTITLEMENTS = GinRummyApp/GinRummyApp.entitlements;
				CODE_SIGN_STYLE = Automatic;
				CURRENT_PROJECT_VERSION = 1;
				DEVELOPMENT_TEAM = BDDQS574XW;
				GENERATE_INFOPLIST_FILE = NO;
				INFOPLIST_FILE = GinRummyApp/Info.plist;
				LD_RUNPATH_SEARCH_PATHS = (
					"$(inherited)",
					"@executable_path/Frameworks",
				);
				MARKETING_VERSION = 1.0;
				PRODUCT_BUNDLE_IDENTIFIER = com.lowelljones.GinRummyApp;
				PRODUCT_NAME = "$(TARGET_NAME)";
				SWIFT_EMIT_LOC_STRINGS = YES;
				SWIFT_VERSION = 5.0;
				TARGETED_DEVICE_FAMILY = 1;
			};
			name = Debug;
		};
		E70800000000000000000004 /* Release */ = {
			isa = XCBuildConfiguration;
			buildSettings = {
				ASSETCATALOG_COMPILER_APPICON_NAME = AppIcon;
				CODE_SIGN_ENTITLEMENTS = GinRummyApp/GinRummyApp.entitlements;
				CODE_SIGN_STYLE = Automatic;
				CURRENT_PROJECT_VERSION = 1;
				DEVELOPMENT_TEAM = BDDQS574XW;
				GENERATE_INFOPLIST_FILE = NO;
				INFOPLIST_FILE = GinRummyApp/Info.plist;
				LD_RUNPATH_SEARCH_PATHS = (
					"$(inherited)",
					"@executable_path/Frameworks",
				);
				MARKETING_VERSION = 1.0;
				PRODUCT_BUNDLE_IDENTIFIER = com.lowelljones.GinRummyApp;
				PRODUCT_NAME = "$(TARGET_NAME)";
				SWIFT_EMIT_LOC_STRINGS = YES;
				SWIFT_VERSION = 5.0;
				TARGETED_DEVICE_FAMILY = 1;
			};
			name = Release;
		};
		EA0A00000000000000000001 /* Debug */ = {
			isa = XCBuildConfiguration;
			buildSettings = {
				BUNDLE_LOADER = "$(TEST_HOST)";
				CODE_SIGN_STYLE = Automatic;
				CURRENT_PROJECT_VERSION = 1;
				DEVELOPMENT_TEAM = BDDQS574XW;
				GENERATE_INFOPLIST_FILE = YES;
				IPHONEOS_DEPLOYMENT_TARGET = 17.0;
				MARKETING_VERSION = 1.0;
				PRODUCT_BUNDLE_IDENTIFIER = com.lowelljones.GinRummyAppTests;
				PRODUCT_NAME = "$(TARGET_NAME)";
				SWIFT_EMIT_LOC_STRINGS = NO;
				SWIFT_VERSION = 5.0;
				TARGETED_DEVICE_FAMILY = 1;
				TEST_HOST = "$(BUILT_PRODUCTS_DIR)/GinRummyApp.app/$(BUNDLE_EXECUTABLE_FOLDER_PATH)/GinRummyApp";
			};
			name = Debug;
		};
		EA0A00000000000000000002 /* Release */ = {
			isa = XCBuildConfiguration;
			buildSettings = {
				BUNDLE_LOADER = "$(TEST_HOST)";
				CODE_SIGN_STYLE = Automatic;
				CURRENT_PROJECT_VERSION = 1;
				DEVELOPMENT_TEAM = BDDQS574XW;
				GENERATE_INFOPLIST_FILE = YES;
				IPHONEOS_DEPLOYMENT_TARGET = 17.0;
				MARKETING_VERSION = 1.0;
				PRODUCT_BUNDLE_IDENTIFIER = com.lowelljones.GinRummyAppTests;
				PRODUCT_NAME = "$(TARGET_NAME)";
				SWIFT_EMIT_LOC_STRINGS = NO;
				SWIFT_VERSION = 5.0;
				TARGETED_DEVICE_FAMILY = 1;
				TEST_HOST = "$(BUILT_PRODUCTS_DIR)/GinRummyApp.app/$(BUNDLE_EXECUTABLE_FOLDER_PATH)/GinRummyApp";
			};
			name = Release;
		};
/* End XCBuildConfiguration section */

/* Begin XCConfigurationList section */
		E70700000000000000000001 /* Build configuration list for PBXProject "GinRummyApp" */ = {
			isa = XCConfigurationList;
			buildConfigurations = (
				E70800000000000000000001 /* Debug */,
				E70800000000000000000002 /* Release */,
			);
			defaultConfigurationIsVisible = 0;
			defaultConfigurationName = Release;
		};
		E70700000000000000000002 /* Build configuration list for PBXNativeTarget "GinRummyApp" */ = {
			isa = XCConfigurationList;
			buildConfigurations = (
				E70800000000000000000003 /* Debug */,
				E70800000000000000000004 /* Release */,
			);
			defaultConfigurationIsVisible = 0;
			defaultConfigurationName = Release;
		};
		EA0700000000000000000001 /* Build configuration list for PBXNativeTarget "GinRummyAppTests" */ = {
			isa = XCConfigurationList;
			buildConfigurations = (
				EA0A00000000000000000001 /* Debug */,
				EA0A00000000000000000002 /* Release */,
			);
			defaultConfigurationIsVisible = 0;
			defaultConfigurationName = Release;
		};
/* End XCConfigurationList section */
	};
	rootObject = E70600000000000000000001 /* Project object */;
}
